PODS:
  - CoreBitcoin (0.6.8.1):
    - ISO8601DateFormatter
    - OpenSSL-Universal (= 1.0.1.16)
  - ISO8601DateFormatter (0.8)
  - jingtum-lib-objectc (1.0.4):
    - CoreBitcoin
    - ISO8601DateFormatter
    - OpenSSL-Universal (= 1.0.1.16)
    - SocketRocket
  - OpenSSL-Universal (1.0.1.16)
  - SocketRocket (0.5.1)

DEPENDENCIES:
  - jingtum-lib-objectc (= 1.0.4)

SPEC REPOS:
  https://github.com/cocoapods/specs.git:
    - CoreBitcoin
    - ISO8601DateFormatter
    - jingtum-lib-objectc
    - OpenSSL-Universal
    - SocketRocket

SPEC CHECKSUMS:
  CoreBitcoin: 4ac6f6a61e543f08399c2fe57496d4fdcbaf74f9
  ISO8601DateFormatter: 4551b6ce4f83185425f583b0b3feb3c7b59b942c
  jingtum-lib-objectc: c3adf5a33c83f3e8c5d790d2448ce84c436f5a22
  OpenSSL-Universal: 85ef63bf81d0741b03c8719cd29685c37c59518d
  SocketRocket: d57c7159b83c3c6655745cd15302aa24b6bae531

PODFILE CHECKSUM: 0ba74de146f8ef9974e80627ec581a676f6be312

COCOAPODS: 1.5.2
